
Microsoft Visual Studio Solution File, Format Version 12.00
# Visual Studio 15
VisualStudioVersion = 15.0.26730.8
MinimumVisualStudioVersion = 10.0.40219.1
Project("{FAE04EC0-301F-11D3-BF4B-00C04F79EFBC}") = "Web", "Zadatak_natjecaj\Web.csproj", "{45798B03-BF1C-48A3-9A87-137530149C62}"
EndProject
Project("{00D1A9C2-B5F0-4AF3-8072-F6C62B433612}") = "Baza", "patrikDB\Baza.sqlproj", "{0EBCE341-6C87-4C54-8289-54794F8D0014}"
EndProject
Global
	GlobalSection(SolutionConfigurationPlatforms) = preSolution
		Debug|Any CPU = Debug|Any CPU
		Release|Any CPU = Release|Any CPU
	EndGlobalSection
	GlobalSection(ProjectConfigurationPlatforms) = postSolution
		{45798B03-BF1C-48A3-9A87-137530149C62}.Debug|Any CPU.ActiveCfg = Debug|Any CPU
		{45798B03-BF1C-48A3-9A87-137530149C62}.Debug|Any CPU.Build.0 = Debug|Any CPU
		{45798B03-BF1C-48A3-9A87-137530149C62}.Release|Any CPU.ActiveCfg = Release|Any CPU
		{45798B03-BF1C-48A3-9A87-137530149C62}.Release|Any CPU.Build.0 = Release|Any CPU
		{0EBCE341-6C87-4C54-8289-54794F8D0014}.Debug|Any CPU.ActiveCfg = Debug|Any CPU
		{0EBCE341-6C87-4C54-8289-54794F8D0014}.Debug|Any CPU.Build.0 = Debug|Any CPU
		{0EBCE341-6C87-4C54-8289-54794F8D0014}.Debug|Any CPU.Deploy.0 = Debug|Any CPU
		{0EBCE341-6C87-4C54-8289-54794F8D0014}.Release|Any CPU.ActiveCfg = Release|Any CPU
		{0EBCE341-6C87-4C54-8289-54794F8D0014}.Release|Any CPU.Build.0 = Release|Any CPU
		{0EBCE341-6C87-4C54-8289-54794F8D0014}.Release|Any CPU.Deploy.0 = Release|Any CPU
	EndGlobalSection
	GlobalSection(SolutionProperties) = preSolution
		HideSolutionNode = FALSE
	EndGlobalSection
	GlobalSection(ExtensibilityGlobals) = postSolution
		SolutionGuid = {06AA2CF1-6800-4C7F-AF86-706262DDFC86}
	EndGlobalSection
EndGlobal
